
Microsoft Visual Studio Solution File, Format Version 12.00
# Visual Studio 15
VisualStudioVersion = 15.0.27004.2006
MinimumVisualStudioVersion = 10.0.40219.1
Project("{FAE04EC0-301F-11D3-BF4B-00C04F79EFBC}") = "hw5b", "hw5b\hw5b.csproj", "{E9C42B99-23B7-4440-80F4-A88871033461}"
EndProject
Global
	GlobalSection(SolutionConfigurationPlatforms) = preSolution
		Debug|Any CPU = Debug|Any CPU
		Release|Any CPU = Release|Any CPU
	EndGlobalSection
	GlobalSection(ProjectConfigurationPlatforms) = postSolution
		{E9C42B99-23B7-4440-80F4-A88871033461}.Debug|Any CPU.ActiveCfg = Debug|Any CPU
		{E9C42B99-23B7-4440-80F4-A88871033461}.Debug|Any CPU.Build.0 = Debug|Any CPU
		{E9C42B99-23B7-4440-80F4-A88871033461}.Release|Any CPU.ActiveCfg = Release|Any CPU
		{E9C42B99-23B7-4440-80F4-A88871033461}.Release|Any CPU.Build.0 = Release|Any CPU
	EndGlobalSection
	GlobalSection(SolutionProperties) = preSolution
		HideSolutionNode = FALSE
	EndGlobalSection
	GlobalSection(ExtensibilityGlobals) = postSolution
		SolutionGuid = {935ECD2F-EC06-4EFC-AF95-C1EF4A719734}
	EndGlobalSection
EndGlobal
