
Microsoft Visual Studio Solution File, Format Version 12.00
# Visual Studio 15
VisualStudioVersion = 15.0.27004.2002
MinimumVisualStudioVersion = 10.0.40219.1
Project("{FAE04EC0-301F-11D3-BF4B-00C04F79EFBC}") = "hw4MVC", "hw4MVC\hw4MVC.csproj", "{DF7C73B9-8A19-4C21-B2FE-D6361CC90DB6}"
EndProject
Global
	GlobalSection(SolutionConfigurationPlatforms) = preSolution
		Debug|Any CPU = Debug|Any CPU
		Release|Any CPU = Release|Any CPU
	EndGlobalSection
	GlobalSection(ProjectConfigurationPlatforms) = postSolution
		{DF7C73B9-8A19-4C21-B2FE-D6361CC90DB6}.Debug|Any CPU.ActiveCfg = Debug|Any CPU
		{DF7C73B9-8A19-4C21-B2FE-D6361CC90DB6}.Debug|Any CPU.Build.0 = Debug|Any CPU
		{DF7C73B9-8A19-4C21-B2FE-D6361CC90DB6}.Release|Any CPU.ActiveCfg = Release|Any CPU
		{DF7C73B9-8A19-4C21-B2FE-D6361CC90DB6}.Release|Any CPU.Build.0 = Release|Any CPU
	EndGlobalSection
	GlobalSection(SolutionProperties) = preSolution
		HideSolutionNode = FALSE
	EndGlobalSection
	GlobalSection(ExtensibilityGlobals) = postSolution
		SolutionGuid = {B6EA4A8D-EFB4-4EF9-8145-314BA97D2203}
	EndGlobalSection
EndGlobal
